
Microsoft Visual Studio Solution File, Format Version 12.00
# Visual Studio Version 16
VisualStudioVersion = 16.0.31729.503
MinimumVisualStudioVersion = 10.0.40219.1
Project("{2150E333-8FDC-42A3-9474-1A3956D46DE8}") = "Services", "Services", "{C4F9BBA2-C667-460D-848E-22B6A7F4751C}"
EndProject
Project("{2150E333-8FDC-42A3-9474-1A3956D46DE8}") = "StockMarket", "StockMarket", "{BA470D9C-6A29-4C6C-8CA3-7057FE6D6556}"
EndProject
Project("{9A19103F-16F7-4668-BE54-9A1E7A4F7556}") = "StockMarket.API", "Services\StockMarket\StockMarket.API\StockMarket.API.csproj", "{2DB2B223-C1B4-4B88-A89A-1EF44F4D76F7}"
EndProject
Project("{E53339B2-1760-4266-BCC7-CA923CBCF16C}") = "docker-compose", "docker-compose.dcproj", "{BC82F18F-2B4D-430B-9DB7-DE643235BD6C}"
EndProject
Project("{9A19103F-16F7-4668-BE54-9A1E7A4F7556}") = "StockMarket.Data", "Services\StockMarket\StockMarket.Data\StockMarket.Data.csproj", "{6083AA4E-01AC-4013-875D-A4F4F92C9485}"
EndProject
Project("{9A19103F-16F7-4668-BE54-9A1E7A4F7556}") = "StockMarket.Business", "Services\StockMarket\StockMarket.Business\StockMarket.Business.csproj", "{18B516CD-EEA0-4D0C-9C28-9BA8B862ADF1}"
EndProject
Project("{9A19103F-16F7-4668-BE54-9A1E7A4F7556}") = "StockMarket.Model", "Services\StockMarket\StockMarket.Model\StockMarket.Model.csproj", "{06003598-7413-4A74-8CFC-1C51C897ED2D}"
EndProject
Project("{2150E333-8FDC-42A3-9474-1A3956D46DE8}") = "ApiGateways", "ApiGateways", "{85040B96-079D-439C-B53D-C189C9F25628}"
EndProject
Project("{9A19103F-16F7-4668-BE54-9A1E7A4F7556}") = "OcelotApiGw", "ApiGateways\OcelotApiGw\OcelotApiGw.csproj", "{451091C6-4BCD-449B-A1D4-A238F0A95B3B}"
EndProject
Project("{2150E333-8FDC-42A3-9474-1A3956D46DE8}") = "StockMarketSql", "StockMarketSql", "{C85B81DA-F67B-49DE-AE44-A14D2676C34E}"
EndProject
Project("{9A19103F-16F7-4668-BE54-9A1E7A4F7556}") = "StockMarketSql.API", "Services\StockMarketSql\StockMarketSql.API\StockMarketSql.API.csproj", "{E692E742-51A0-4E82-B49E-4ECF75F21619}"
EndProject
Project("{9A19103F-16F7-4668-BE54-9A1E7A4F7556}") = "StockMarketSql.Models", "Services\StockMarketSql\StockMarketSql.Models\StockMarketSql.Models.csproj", "{540E3F37-A060-4E27-AF78-6869A503C87B}"
EndProject
Project("{9A19103F-16F7-4668-BE54-9A1E7A4F7556}") = "StockMarketSql.Business", "Services\StockMarketSql\StockMarketSql.Business\StockMarketSql.Business.csproj", "{DD729811-FA6D-4BA1-BCAB-31A561B80EC8}"
EndProject
Project("{9A19103F-16F7-4668-BE54-9A1E7A4F7556}") = "StockMarkerSql.Data", "Services\StockMarketSql\StockMarkerSql.Data\StockMarkerSql.Data.csproj", "{FEE1157A-9EC5-443B-8D66-E2F45A8360CB}"
EndProject
Project("{FAE04EC0-301F-11D3-BF4B-00C04F79EFBC}") = "StockMarket.UnitTest", "Services\StockMarket\StockMarket.UnitTest\StockMarket.UnitTest.csproj", "{83E30122-833C-466D-82CD-B507BEA851D8}"
EndProject
Global
	GlobalSection(SolutionConfigurationPlatforms) = preSolution
		Debug|Any CPU = Debug|Any CPU
		Release|Any CPU = Release|Any CPU
	EndGlobalSection
	GlobalSection(ProjectConfigurationPlatforms) = postSolution
		{2DB2B223-C1B4-4B88-A89A-1EF44F4D76F7}.Debug|Any CPU.ActiveCfg = Debug|Any CPU
		{2DB2B223-C1B4-4B88-A89A-1EF44F4D76F7}.Debug|Any CPU.Build.0 = Debug|Any CPU
		{2DB2B223-C1B4-4B88-A89A-1EF44F4D76F7}.Release|Any CPU.ActiveCfg = Release|Any CPU
		{2DB2B223-C1B4-4B88-A89A-1EF44F4D76F7}.Release|Any CPU.Build.0 = Release|Any CPU
		{BC82F18F-2B4D-430B-9DB7-DE643235BD6C}.Debug|Any CPU.ActiveCfg = Debug|Any CPU
		{BC82F18F-2B4D-430B-9DB7-DE643235BD6C}.Debug|Any CPU.Build.0 = Debug|Any CPU
		{BC82F18F-2B4D-430B-9DB7-DE643235BD6C}.Release|Any CPU.ActiveCfg = Release|Any CPU
		{BC82F18F-2B4D-430B-9DB7-DE643235BD6C}.Release|Any CPU.Build.0 = Release|Any CPU
		{6083AA4E-01AC-4013-875D-A4F4F92C9485}.Debug|Any CPU.ActiveCfg = Debug|Any CPU
		{6083AA4E-01AC-4013-875D-A4F4F92C9485}.Debug|Any CPU.Build.0 = Debug|Any CPU
		{6083AA4E-01AC-4013-875D-A4F4F92C9485}.Release|Any CPU.ActiveCfg = Release|Any CPU
		{6083AA4E-01AC-4013-875D-A4F4F92C9485}.Release|Any CPU.Build.0 = Release|Any CPU
		{18B516CD-EEA0-4D0C-9C28-9BA8B862ADF1}.Debug|Any CPU.ActiveCfg = Debug|Any CPU
		{18B516CD-EEA0-4D0C-9C28-9BA8B862ADF1}.Debug|Any CPU.Build.0 = Debug|Any CPU
		{18B516CD-EEA0-4D0C-9C28-9BA8B862ADF1}.Release|Any CPU.ActiveCfg = Release|Any CPU
		{18B516CD-EEA0-4D0C-9C28-9BA8B862ADF1}.Release|Any CPU.Build.0 = Release|Any CPU
		{06003598-7413-4A74-8CFC-1C51C897ED2D}.Debug|Any CPU.ActiveCfg = Debug|Any CPU
		{06003598-7413-4A74-8CFC-1C51C897ED2D}.Debug|Any CPU.Build.0 = Debug|Any CPU
		{06003598-7413-4A74-8CFC-1C51C897ED2D}.Release|Any CPU.ActiveCfg = Release|Any CPU
		{06003598-7413-4A74-8CFC-1C51C897ED2D}.Release|Any CPU.Build.0 = Release|Any CPU
		{451091C6-4BCD-449B-A1D4-A238F0A95B3B}.Debug|Any CPU.ActiveCfg = Debug|Any CPU
		{451091C6-4BCD-449B-A1D4-A238F0A95B3B}.Debug|Any CPU.Build.0 = Debug|Any CPU
		{451091C6-4BCD-449B-A1D4-A238F0A95B3B}.Release|Any CPU.ActiveCfg = Release|Any CPU
		{451091C6-4BCD-449B-A1D4-A238F0A95B3B}.Release|Any CPU.Build.0 = Release|Any CPU
		{E692E742-51A0-4E82-B49E-4ECF75F21619}.Debug|Any CPU.ActiveCfg = Debug|Any CPU
		{E692E742-51A0-4E82-B49E-4ECF75F21619}.Debug|Any CPU.Build.0 = Debug|Any CPU
		{E692E742-51A0-4E82-B49E-4ECF75F21619}.Release|Any CPU.ActiveCfg = Release|Any CPU
		{E692E742-51A0-4E82-B49E-4ECF75F21619}.Release|Any CPU.Build.0 = Release|Any CPU
		{540E3F37-A060-4E27-AF78-6869A503C87B}.Debug|Any CPU.ActiveCfg = Debug|Any CPU
		{540E3F37-A060-4E27-AF78-6869A503C87B}.Debug|Any CPU.Build.0 = Debug|Any CPU
		{540E3F37-A060-4E27-AF78-6869A503C87B}.Release|Any CPU.ActiveCfg = Release|Any CPU
		{540E3F37-A060-4E27-AF78-6869A503C87B}.Release|Any CPU.Build.0 = Release|Any CPU
		{DD729811-FA6D-4BA1-BCAB-31A561B80EC8}.Debug|Any CPU.ActiveCfg = Debug|Any CPU
		{DD729811-FA6D-4BA1-BCAB-31A561B80EC8}.Debug|Any CPU.Build.0 = Debug|Any CPU
		{DD729811-FA6D-4BA1-BCAB-31A561B80EC8}.Release|Any CPU.ActiveCfg = Release|Any CPU
		{DD729811-FA6D-4BA1-BCAB-31A561B80EC8}.Release|Any CPU.Build.0 = Release|Any CPU
		{FEE1157A-9EC5-443B-8D66-E2F45A8360CB}.Debug|Any CPU.ActiveCfg = Debug|Any CPU
		{FEE1157A-9EC5-443B-8D66-E2F45A8360CB}.Debug|Any CPU.Build.0 = Debug|Any CPU
		{FEE1157A-9EC5-443B-8D66-E2F45A8360CB}.Release|Any CPU.ActiveCfg = Release|Any CPU
		{FEE1157A-9EC5-443B-8D66-E2F45A8360CB}.Release|Any CPU.Build.0 = Release|Any CPU
		{83E30122-833C-466D-82CD-B507BEA851D8}.Debug|Any CPU.ActiveCfg = Debug|Any CPU
		{83E30122-833C-466D-82CD-B507BEA851D8}.Debug|Any CPU.Build.0 = Debug|Any CPU
		{83E30122-833C-466D-82CD-B507BEA851D8}.Release|Any CPU.ActiveCfg = Release|Any CPU
		{83E30122-833C-466D-82CD-B507BEA851D8}.Release|Any CPU.Build.0 = Release|Any CPU
	EndGlobalSection
	GlobalSection(SolutionProperties) = preSolution
		HideSolutionNode = FALSE
	EndGlobalSection
	GlobalSection(NestedProjects) = preSolution
		{BA470D9C-6A29-4C6C-8CA3-7057FE6D6556} = {C4F9BBA2-C667-460D-848E-22B6A7F4751C}
		{2DB2B223-C1B4-4B88-A89A-1EF44F4D76F7} = {BA470D9C-6A29-4C6C-8CA3-7057FE6D6556}
		{6083AA4E-01AC-4013-875D-A4F4F92C9485} = {BA470D9C-6A29-4C6C-8CA3-7057FE6D6556}
		{18B516CD-EEA0-4D0C-9C28-9BA8B862ADF1} = {BA470D9C-6A29-4C6C-8CA3-7057FE6D6556}
		{06003598-7413-4A74-8CFC-1C51C897ED2D} = {BA470D9C-6A29-4C6C-8CA3-7057FE6D6556}
		{451091C6-4BCD-449B-A1D4-A238F0A95B3B} = {85040B96-079D-439C-B53D-C189C9F25628}
		{C85B81DA-F67B-49DE-AE44-A14D2676C34E} = {C4F9BBA2-C667-460D-848E-22B6A7F4751C}
		{E692E742-51A0-4E82-B49E-4ECF75F21619} = {C85B81DA-F67B-49DE-AE44-A14D2676C34E}
		{540E3F37-A060-4E27-AF78-6869A503C87B} = {C85B81DA-F67B-49DE-AE44-A14D2676C34E}
		{DD729811-FA6D-4BA1-BCAB-31A561B80EC8} = {C85B81DA-F67B-49DE-AE44-A14D2676C34E}
		{FEE1157A-9EC5-443B-8D66-E2F45A8360CB} = {C85B81DA-F67B-49DE-AE44-A14D2676C34E}
		{83E30122-833C-466D-82CD-B507BEA851D8} = {BA470D9C-6A29-4C6C-8CA3-7057FE6D6556}
	EndGlobalSection
	GlobalSection(ExtensibilityGlobals) = postSolution
		SolutionGuid = {1211D1AF-81F2-4DF8-935C-3371EF885A15}
	EndGlobalSection
EndGlobal
