
Microsoft Visual Studio Solution File, Format Version 12.00
# Visual Studio Version 16
VisualStudioVersion = 16.0.31729.503
MinimumVisualStudioVersion = 10.0.40219.1
Project("{2150E333-8FDC-42A3-9474-1A3956D46DE8}") = "Services", "Services", "{C4F9BBA2-C667-460D-848E-22B6A7F4751C}"
EndProject
Project("{2150E333-8FDC-42A3-9474-1A3956D46DE8}") = "StockMarket", "StockMarket", "{BA470D9C-6A29-4C6C-8CA3-7057FE6D6556}"
EndProject
Project("{FAE04EC0-301F-11D3-BF4B-00C04F79EFBC}") = "StockMarket.API", "Services\StockMarket\StockMarket.API\StockMarket.API.csproj", "{2DB2B223-C1B4-4B88-A89A-1EF44F4D76F7}"
EndProject
Project("{E53339B2-1760-4266-BCC7-CA923CBCF16C}") = "docker-compose", "docker-compose.dcproj", "{BC82F18F-2B4D-430B-9DB7-DE643235BD6C}"
EndProject
Global
	GlobalSection(SolutionConfigurationPlatforms) = preSolution
		Debug|Any CPU = Debug|Any CPU
		Release|Any CPU = Release|Any CPU
	EndGlobalSection
	GlobalSection(ProjectConfigurationPlatforms) = postSolution
		{2DB2B223-C1B4-4B88-A89A-1EF44F4D76F7}.Debug|Any CPU.ActiveCfg = Debug|Any CPU
		{2DB2B223-C1B4-4B88-A89A-1EF44F4D76F7}.Debug|Any CPU.Build.0 = Debug|Any CPU
		{2DB2B223-C1B4-4B88-A89A-1EF44F4D76F7}.Release|Any CPU.ActiveCfg = Release|Any CPU
		{2DB2B223-C1B4-4B88-A89A-1EF44F4D76F7}.Release|Any CPU.Build.0 = Release|Any CPU
		{BC82F18F-2B4D-430B-9DB7-DE643235BD6C}.Debug|Any CPU.ActiveCfg = Debug|Any CPU
		{BC82F18F-2B4D-430B-9DB7-DE643235BD6C}.Debug|Any CPU.Build.0 = Debug|Any CPU
		{BC82F18F-2B4D-430B-9DB7-DE643235BD6C}.Release|Any CPU.ActiveCfg = Release|Any CPU
		{BC82F18F-2B4D-430B-9DB7-DE643235BD6C}.Release|Any CPU.Build.0 = Release|Any CPU
	EndGlobalSection
	GlobalSection(SolutionProperties) = preSolution
		HideSolutionNode = FALSE
	EndGlobalSection
	GlobalSection(NestedProjects) = preSolution
		{BA470D9C-6A29-4C6C-8CA3-7057FE6D6556} = {C4F9BBA2-C667-460D-848E-22B6A7F4751C}
		{2DB2B223-C1B4-4B88-A89A-1EF44F4D76F7} = {BA470D9C-6A29-4C6C-8CA3-7057FE6D6556}
	EndGlobalSection
	GlobalSection(ExtensibilityGlobals) = postSolution
		SolutionGuid = {1211D1AF-81F2-4DF8-935C-3371EF885A15}
	EndGlobalSection
EndGlobal
